{
  "name": "matrix-calc",
  "version": "1.0.0",
  "lockfileVersion": 3,
  "requires": true,
  "packages": {
    "": {
      "name": "matrix-calc",
      "version": "1.0.0",
      "dependencies": {
        "fraction-math-js": "^0.2.1"
      }
    },
    "node_modules/bignumber.js": {
      "version": "2.4.0",
      "resolved": "https://registry.npmjs.org/bignumber.js/-/bignumber.js-2.4.0.tgz",
      "integrity": "sha512-uw4ra6Cv483Op/ebM0GBKKfxZlSmn6NgFRby5L3yGTlunLj53KQgndDlqy2WVFOwgvurocApYkSud0aO+mvrpQ==",
      "engines": {
        "node": "*"
      }
    },
    "node_modules/fraction-math-js": {
      "version": "0.2.1",
      "resolved": "https://registry.npmjs.org/fraction-math-js/-/fraction-math-js-0.2.1.tgz",
      "integrity": "sha512-Iu8zN3tMXIZY6gOmbeH+q3ZfGhjHAQfA6rizF7HYzviBJezKzDpdbHWMYn8dwyvMYPesEstvEJBh02QlhQp3MA==",
      "dependencies": {
        "bignumber.js": "^2.0.7"
      },
      "bin": {
        "fcalc": "bin/fcalc.js"
      }
    }
  }
}
